// !$*UTF8*$!
{
	archiveVersion = 1;
	classes = {
	};
	objectVersion = 50;
	objects = {

/* Begin PBXBuildFile section */
		39ACF16722CB436D00E4DAE6 /* AppDelegate.m in Sources */ = {isa = PBXBuildFile; fileRef = 39ACF16622CB436D00E4DAE6 /* AppDelegate.m */; };
		39ACF16A22CB436E00E4DAE6 /* ViewController.m in Sources */ = {isa = PBXBuildFile; fileRef = 39ACF16922CB436E00E4DAE6 /* ViewController.m */; };
		39ACF16D22CB436E00E4DAE6 /* Main.storyboard in Resources */ = {isa = PBXBuildFile; fileRef = 39ACF16B22CB436E00E4DAE6 /* Main.storyboard */; };
		39ACF16F22CB437000E4DAE6 /* Assets.xcassets in Resources */ = {isa = PBXBuildFile; fileRef = 39ACF16E22CB437000E4DAE6 /* Assets.xcassets */; };
		39ACF17222CB437000E4DAE6 /* LaunchScreen.storyboard in Resources */ = {isa = PBXBuildFile; fileRef = 39ACF17022CB437000E4DAE6 /* LaunchScreen.storyboard */; };
		39ACF17522CB437000E4DAE6 /* main.m in Sources */ = {isa = PBXBuildFile; fileRef = 39ACF17422CB437000E4DAE6 /* main.m */; };
		39ACF17E22CB494700E4DAE6 /* PMSSCustomerModel.m in Sources */ = {isa = PBXBuildFile; fileRef = 39ACF17D22CB494700E4DAE6 /* PMSSCustomerModel.m */; };
		39ACF18122CB525600E4DAE6 /* PMSSLevelModel.m in Sources */ = {isa = PBXBuildFile; fileRef = 39ACF18022CB525600E4DAE6 /* PMSSLevelModel.m */; };
		39ACF18422CB567100E4DAE6 /* PMSSCustomerFactory.m in Sources */ = {isa = PBXBuildFile; fileRef = 39ACF18322CB567100E4DAE6 /* PMSSCustomerFactory.m */; };
		724ABA7822CB4A2C00E10D3D /* PMSSGoodsModel.m in Sources */ = {isa = PBXBuildFile; fileRef = 724ABA7722CB4A2C00E10D3D /* PMSSGoodsModel.m */; };
		724ABA7C22CB500E00E10D3D /* PMSSGoodsFactory.m in Sources */ = {isa = PBXBuildFile; fileRef = 724ABA7B22CB500E00E10D3D /* PMSSGoodsFactory.m */; };
		724ABA8422CB5D2000E10D3D /* PreciousMetalSalesSystemTests.m in Sources */ = {isa = PBXBuildFile; fileRef = 724ABA8322CB5D2000E10D3D /* PreciousMetalSalesSystemTests.m */; };
		724ABA8F22CB5E9A00E10D3D /* PMSSTestCase.m in Sources */ = {isa = PBXBuildFile; fileRef = 724ABA8E22CB5E9A00E10D3D /* PMSSTestCase.m */; };
		724ABA9122CB5EBF00E10D3D /* PMSSGoodsTestCase.m in Sources */ = {isa = PBXBuildFile; fileRef = 724ABA9022CB5EBF00E10D3D /* PMSSGoodsTestCase.m */; };
/* End PBXBuildFile section */

/* Begin PBXContainerItemProxy section */
		724ABA8622CB5D2000E10D3D /* PBXContainerItemProxy */ = {
			isa = PBXContainerItemProxy;
			containerPortal = 39ACF15A22CB436D00E4DAE6 /* Project object */;
			proxyType = 1;
			remoteGlobalIDString = 39ACF16122CB436D00E4DAE6;
			remoteInfo = PreciousMetalSalesSystem;
		};
/* End PBXContainerItemProxy section */

/* Begin PBXFileReference section */
		39ACF16222CB436D00E4DAE6 /* PreciousMetalSalesSystem.app */ = {isa = PBXFileReference; explicitFileType = wrapper.application; includeInIndex = 0; path = PreciousMetalSalesSystem.app; sourceTree = BUILT_PRODUCTS_DIR; };
		39ACF16522CB436D00E4DAE6 /* AppDelegate.h */ = {isa = PBXFileReference; lastKnownFileType = sourcecode.c.h; path = AppDelegate.h; sourceTree = "<group>"; };
		39ACF16622CB436D00E4DAE6 /* AppDelegate.m */ = {isa = PBXFileReference; lastKnownFileType = sourcecode.c.objc; path = AppDelegate.m; sourceTree = "<group>"; };
		39ACF16822CB436E00E4DAE6 /* ViewController.h */ = {isa = PBXFileReference; lastKnownFileType = sourcecode.c.h; path = ViewController.h; sourceTree = "<group>"; };
		39ACF16922CB436E00E4DAE6 /* ViewController.m */ = {isa = PBXFileReference; lastKnownFileType = sourcecode.c.objc; path = ViewController.m; sourceTree = "<group>"; };
		39ACF16C22CB436E00E4DAE6 /* Base */ = {isa = PBXFileReference; lastKnownFileType = file.storyboard; name = Base; path = Base.lproj/Main.storyboard; sourceTree = "<group>"; };
		39ACF16E22CB437000E4DAE6 /* Assets.xcassets */ = {isa = PBXFileReference; lastKnownFileType = folder.assetcatalog; path = Assets.xcassets; sourceTree = "<group>"; };
		39ACF17122CB437000E4DAE6 /* Base */ = {isa = PBXFileReference; lastKnownFileType = file.storyboard; name = Base; path = Base.lproj/LaunchScreen.storyboard; sourceTree = "<group>"; };
		39ACF17322CB437000E4DAE6 /* Info.plist */ = {isa = PBXFileReference; lastKnownFileType = text.plist.xml; path = Info.plist; sourceTree = "<group>"; };
		39ACF17422CB437000E4DAE6 /* main.m */ = {isa = PBXFileReference; lastKnownFileType = sourcecode.c.objc; path = main.m; sourceTree = "<group>"; };
		39ACF17C22CB494700E4DAE6 /* PMSSCustomerModel.h */ = {isa = PBXFileReference; lastKnownFileType = sourcecode.c.h; path = PMSSCustomerModel.h; sourceTree = "<group>"; };
		39ACF17D22CB494700E4DAE6 /* PMSSCustomerModel.m */ = {isa = PBXFileReference; lastKnownFileType = sourcecode.c.objc; path = PMSSCustomerModel.m; sourceTree = "<group>"; };
		39ACF17F22CB525600E4DAE6 /* PMSSLevelModel.h */ = {isa = PBXFileReference; lastKnownFileType = sourcecode.c.h; path = PMSSLevelModel.h; sourceTree = "<group>"; };
		39ACF18022CB525600E4DAE6 /* PMSSLevelModel.m */ = {isa = PBXFileReference; lastKnownFileType = sourcecode.c.objc; path = PMSSLevelModel.m; sourceTree = "<group>"; };
		39ACF18222CB567100E4DAE6 /* PMSSCustomerFactory.h */ = {isa = PBXFileReference; lastKnownFileType = sourcecode.c.h; path = PMSSCustomerFactory.h; sourceTree = "<group>"; };
		39ACF18322CB567100E4DAE6 /* PMSSCustomerFactory.m */ = {isa = PBXFileReference; lastKnownFileType = sourcecode.c.objc; path = PMSSCustomerFactory.m; sourceTree = "<group>"; };
		724ABA7622CB4A2C00E10D3D /* PMSSGoodsModel.h */ = {isa = PBXFileReference; lastKnownFileType = sourcecode.c.h; path = PMSSGoodsModel.h; sourceTree = "<group>"; };
		724ABA7722CB4A2C00E10D3D /* PMSSGoodsModel.m */ = {isa = PBXFileReference; lastKnownFileType = sourcecode.c.objc; path = PMSSGoodsModel.m; sourceTree = "<group>"; };
		724ABA7A22CB500E00E10D3D /* PMSSGoodsFactory.h */ = {isa = PBXFileReference; lastKnownFileType = sourcecode.c.h; path = PMSSGoodsFactory.h; sourceTree = "<group>"; };
		724ABA7B22CB500E00E10D3D /* PMSSGoodsFactory.m */ = {isa = PBXFileReference; lastKnownFileType = sourcecode.c.objc; path = PMSSGoodsFactory.m; sourceTree = "<group>"; };
		724ABA8122CB5D1F00E10D3D /* PreciousMetalSalesSystemTests.xctest */ = {isa = PBXFileReference; explicitFileType = wrapper.cfbundle; includeInIndex = 0; path = PreciousMetalSalesSystemTests.xctest; sourceTree = BUILT_PRODUCTS_DIR; };
		724ABA8322CB5D2000E10D3D /* PreciousMetalSalesSystemTests.m */ = {isa = PBXFileReference; lastKnownFileType = sourcecode.c.objc; path = PreciousMetalSalesSystemTests.m; sourceTree = "<group>"; };
		724ABA8522CB5D2000E10D3D /* Info.plist */ = {isa = PBXFileReference; lastKnownFileType = text.plist.xml; path = Info.plist; sourceTree = "<group>"; };
		724ABA8D22CB5E9A00E10D3D /* PMSSTestCase.h */ = {isa = PBXFileReference; lastKnownFileType = sourcecode.c.h; path = PMSSTestCase.h; sourceTree = "<group>"; };
		724ABA8E22CB5E9A00E10D3D /* PMSSTestCase.m */ = {isa = PBXFileReference; lastKnownFileType = sourcecode.c.objc; path = PMSSTestCase.m; sourceTree = "<group>"; };
		724ABA9022CB5EBF00E10D3D /* PMSSGoodsTestCase.m */ = {isa = PBXFileReference; lastKnownFileType = sourcecode.c.objc; path = PMSSGoodsTestCase.m; sourceTree = "<group>"; };
/* End PBXFileReference section */

/* Begin PBXFrameworksBuildPhase section */
		39ACF15F22CB436D00E4DAE6 /* Frameworks */ = {
			isa = PBXFrameworksBuildPhase;
			buildActionMask = 2147483647;
			files = (
			);
			runOnlyForDeploymentPostprocessing = 0;
		};
		724ABA7E22CB5D1F00E10D3D /* Frameworks */ = {
			isa = PBXFrameworksBuildPhase;
			buildActionMask = 2147483647;
			files = (
			);
			runOnlyForDeploymentPostprocessing = 0;
		};
/* End PBXFrameworksBuildPhase section */

/* Begin PBXGroup section */
		39ACF15922CB436D00E4DAE6 = {
			isa = PBXGroup;
			children = (
				39ACF16422CB436D00E4DAE6 /* PreciousMetalSalesSystem */,
				724ABA8222CB5D2000E10D3D /* PreciousMetalSalesSystemTests */,
				39ACF16322CB436D00E4DAE6 /* Products */,
			);
			sourceTree = "<group>";
		};
		39ACF16322CB436D00E4DAE6 /* Products */ = {
			isa = PBXGroup;
			children = (
				39ACF16222CB436D00E4DAE6 /* PreciousMetalSalesSystem.app */,
				724ABA8122CB5D1F00E10D3D /* PreciousMetalSalesSystemTests.xctest */,
			);
			name = Products;
			sourceTree = "<group>";
		};
		39ACF16422CB436D00E4DAE6 /* PreciousMetalSalesSystem */ = {
			isa = PBXGroup;
			children = (
				724ABA7922CB4FD600E10D3D /* Factory */,
				39ACF17B22CB48A400E4DAE6 /* Models */,
				39ACF16522CB436D00E4DAE6 /* AppDelegate.h */,
				39ACF16622CB436D00E4DAE6 /* AppDelegate.m */,
				39ACF16822CB436E00E4DAE6 /* ViewController.h */,
				39ACF16922CB436E00E4DAE6 /* ViewController.m */,
				39ACF16B22CB436E00E4DAE6 /* Main.storyboard */,
				39ACF16E22CB437000E4DAE6 /* Assets.xcassets */,
				39ACF17022CB437000E4DAE6 /* LaunchScreen.storyboard */,
				39ACF17322CB437000E4DAE6 /* Info.plist */,
				39ACF17422CB437000E4DAE6 /* main.m */,
			);
			path = PreciousMetalSalesSystem;
			sourceTree = "<group>";
		};
		39ACF17B22CB48A400E4DAE6 /* Models */ = {
			isa = PBXGroup;
			children = (
				39ACF17C22CB494700E4DAE6 /* PMSSCustomerModel.h */,
				39ACF17D22CB494700E4DAE6 /* PMSSCustomerModel.m */,
				39ACF17F22CB525600E4DAE6 /* PMSSLevelModel.h */,
				39ACF18022CB525600E4DAE6 /* PMSSLevelModel.m */,
				724ABA7622CB4A2C00E10D3D /* PMSSGoodsModel.h */,
				724ABA7722CB4A2C00E10D3D /* PMSSGoodsModel.m */,
			);
			path = Models;
			sourceTree = "<group>";
		};
		724ABA7922CB4FD600E10D3D /* Factory */ = {
			isa = PBXGroup;
			children = (
				724ABA7A22CB500E00E10D3D /* PMSSGoodsFactory.h */,
				724ABA7B22CB500E00E10D3D /* PMSSGoodsFactory.m */,
				39ACF18222CB567100E4DAE6 /* PMSSCustomerFactory.h */,
				39ACF18322CB567100E4DAE6 /* PMSSCustomerFactory.m */,
			);
			path = Factory;
			sourceTree = "<group>";
		};
		724ABA8222CB5D2000E10D3D /* PreciousMetalSalesSystemTests */ = {
			isa = PBXGroup;
			children = (
				724ABA8322CB5D2000E10D3D /* PreciousMetalSalesSystemTests.m */,
				724ABA8522CB5D2000E10D3D /* Info.plist */,
				724ABA8D22CB5E9A00E10D3D /* PMSSTestCase.h */,
				724ABA8E22CB5E9A00E10D3D /* PMSSTestCase.m */,
				724ABA9022CB5EBF00E10D3D /* PMSSGoodsTestCase.m */,
			);
			path = PreciousMetalSalesSystemTests;
			sourceTree = "<group>";
		};
/* End PBXGroup section */

/* Begin PBXNativeTarget section */
		39ACF16122CB436D00E4DAE6 /* PreciousMetalSalesSystem */ = {
			isa = PBXNativeTarget;
			buildConfigurationList = 39ACF17822CB437000E4DAE6 /* Build configuration list for PBXNativeTarget "PreciousMetalSalesSystem" */;
			buildPhases = (
				39ACF15E22CB436D00E4DAE6 /* Sources */,
				39ACF15F22CB436D00E4DAE6 /* Frameworks */,
				39ACF16022CB436D00E4DAE6 /* Resources */,
			);
			buildRules = (
			);
			dependencies = (
			);
			name = PreciousMetalSalesSystem;
			productName = PreciousMetalSalesSystem;
			productReference = 39ACF16222CB436D00E4DAE6 /* PreciousMetalSalesSystem.app */;
			productType = "com.apple.product-type.application";
		};
		724ABA8022CB5D1F00E10D3D /* PreciousMetalSalesSystemTests */ = {
			isa = PBXNativeTarget;
			buildConfigurationList = 724ABA8A22CB5D2000E10D3D /* Build configuration list for PBXNativeTarget "PreciousMetalSalesSystemTests" */;
			buildPhases = (
				724ABA7D22CB5D1F00E10D3D /* Sources */,
				724ABA7E22CB5D1F00E10D3D /* Frameworks */,
				724ABA7F22CB5D1F00E10D3D /* Resources */,
			);
			buildRules = (
			);
			dependencies = (
				724ABA8722CB5D2000E10D3D /* PBXTargetDependency */,
			);
			name = PreciousMetalSalesSystemTests;
			productName = PreciousMetalSalesSystemTests;
			productReference = 724ABA8122CB5D1F00E10D3D /* PreciousMetalSalesSystemTests.xctest */;
			productType = "com.apple.product-type.bundle.unit-test";
		};
/* End PBXNativeTarget section */

/* Begin PBXProject section */
		39ACF15A22CB436D00E4DAE6 /* Project object */ = {
			isa = PBXProject;
			attributes = {
				LastUpgradeCheck = 1010;
				ORGANIZATIONNAME = ZB;
				TargetAttributes = {
					39ACF16122CB436D00E4DAE6 = {
						CreatedOnToolsVersion = 10.1;
					};
					724ABA8022CB5D1F00E10D3D = {
						CreatedOnToolsVersion = 10.1;
						TestTargetID = 39ACF16122CB436D00E4DAE6;
					};
				};
			};
			buildConfigurationList = 39ACF15D22CB436D00E4DAE6 /* Build configuration list for PBXProject "PreciousMetalSalesSystem" */;
			compatibilityVersion = "Xcode 9.3";
			developmentRegion = en;
			hasScannedForEncodings = 0;
			knownRegions = (
				en,
				Base,
			);
			mainGroup = 39ACF15922CB436D00E4DAE6;
			productRefGroup = 39ACF16322CB436D00E4DAE6 /* Products */;
			projectDirPath = "";
			projectRoot = "";
			targets = (
				39ACF16122CB436D00E4DAE6 /* PreciousMetalSalesSystem */,
				724ABA8022CB5D1F00E10D3D /* PreciousMetalSalesSystemTests */,
			);
		};
/* End PBXProject section */

/* Begin PBXResourcesBuildPhase section */
		39ACF16022CB436D00E4DAE6 /* Resources */ = {
			isa = PBXResourcesBuildPhase;
			buildActionMask = 2147483647;
			files = (
				39ACF17222CB437000E4DAE6 /* LaunchScreen.storyboard in Resources */,
				39ACF16F22CB437000E4DAE6 /* Assets.xcassets in Resources */,
				39ACF16D22CB436E00E4DAE6 /* Main.storyboard in Resources */,
			);
			runOnlyForDeploymentPostprocessing = 0;
		};
		724ABA7F22CB5D1F00E10D3D /* Resources */ = {
			isa = PBXResourcesBuildPhase;
			buildActionMask = 2147483647;
			files = (
			);
			runOnlyForDeploymentPostprocessing = 0;
		};
/* End PBXResourcesBuildPhase section */

/* Begin PBXSourcesBuildPhase section */
		39ACF15E22CB436D00E4DAE6 /* Sources */ = {
			isa = PBXSourcesBuildPhase;
			buildActionMask = 2147483647;
			files = (
				724ABA7C22CB500E00E10D3D /* PMSSGoodsFactory.m in Sources */,
				39ACF17E22CB494700E4DAE6 /* PMSSCustomerModel.m in Sources */,
				724ABA7822CB4A2C00E10D3D /* PMSSGoodsModel.m in Sources */,
				39ACF16A22CB436E00E4DAE6 /* ViewController.m in Sources */,
				39ACF17522CB437000E4DAE6 /* main.m in Sources */,
				39ACF18422CB567100E4DAE6 /* PMSSCustomerFactory.m in Sources */,
				39ACF18122CB525600E4DAE6 /* PMSSLevelModel.m in Sources */,
				39ACF16722CB436D00E4DAE6 /* AppDelegate.m in Sources */,
			);
			runOnlyForDeploymentPostprocessing = 0;
		};
		724ABA7D22CB5D1F00E10D3D /* Sources */ = {
			isa = PBXSourcesBuildPhase;
			buildActionMask = 2147483647;
			files = (
				724ABA8F22CB5E9A00E10D3D /* PMSSTestCase.m in Sources */,
				724ABA8422CB5D2000E10D3D /* PreciousMetalSalesSystemTests.m in Sources */,
				724ABA9122CB5EBF00E10D3D /* PMSSGoodsTestCase.m in Sources */,
			);
			runOnlyForDeploymentPostprocessing = 0;
		};
/* End PBXSourcesBuildPhase section */

/* Begin PBXTargetDependency section */
		724ABA8722CB5D2000E10D3D /* PBXTargetDependency */ = {
			isa = PBXTargetDependency;
			target = 39ACF16122CB436D00E4DAE6 /* PreciousMetalSalesSystem */;
			targetProxy = 724ABA8622CB5D2000E10D3D /* PBXContainerItemProxy */;
		};
/* End PBXTargetDependency section */

/* Begin PBXVariantGroup section */
		39ACF16B22CB436E00E4DAE6 /* Main.storyboard */ = {
			isa = PBXVariantGroup;
			children = (
				39ACF16C22CB436E00E4DAE6 /* Base */,
			);
			name = Main.storyboard;
			sourceTree = "<group>";
		};
		39ACF17022CB437000E4DAE6 /* LaunchScreen.storyboard */ = {
			isa = PBXVariantGroup;
			children = (
				39ACF17122CB437000E4DAE6 /* Base */,
			);
			name = LaunchScreen.storyboard;
			sourceTree = "<group>";
		};
/* End PBXVariantGroup section */

/* Begin XCBuildConfiguration section */
		39ACF17622CB437000E4DAE6 /* Debug */ = {
			isa = XCBuildConfiguration;
			buildSettings = {
				ALWAYS_SEARCH_USER_PATHS = NO;
				CLANG_ANALYZER_NONNULL = YES;
				CLANG_ANALYZER_NUMBER_OBJECT_CONVERSION = YES_AGGRESSIVE;
				CLANG_CXX_LANGUAGE_STANDARD = "gnu++14";
				CLANG_CXX_LIBRARY = "libc++";
				CLANG_ENABLE_MODULES = YES;
				CLANG_ENABLE_OBJC_ARC = YES;
				CLANG_ENABLE_OBJC_WEAK = YES;
				CLANG_WARN_BLOCK_CAPTURE_AUTORELEASING = YES;
				CLANG_WARN_BOOL_CONVERSION = YES;
				CLANG_WARN_COMMA = YES;
				CLANG_WARN_CONSTANT_CONVERSION = YES;
				CLANG_WARN_DEPRECATED_OBJC_IMPLEMENTATIONS = YES;
				CLANG_WARN_DIRECT_OBJC_ISA_USAGE = YES_ERROR;
				CLANG_WARN_DOCUMENTATION_COMMENTS = YES;
				CLANG_WARN_EMPTY_BODY = YES;
				CLANG_WARN_ENUM_CONVERSION = YES;
				CLANG_WARN_INFINITE_RECURSION = YES;
				CLANG_WARN_INT_CONVERSION = YES;
				CLANG_WARN_NON_LITERAL_NULL_CONVERSION = YES;
				CLANG_WARN_OBJC_IMPLICIT_RETAIN_SELF = YES;
				CLANG_WARN_OBJC_LITERAL_CONVERSION = YES;
				CLANG_WARN_OBJC_ROOT_CLASS = YES_ERROR;
				CLANG_WARN_RANGE_LOOP_ANALYSIS = YES;
				CLANG_WARN_STRICT_PROTOTYPES = YES;
				CLANG_WARN_SUSPICIOUS_MOVE = YES;
				CLANG_WARN_UNGUARDED_AVAILABILITY = YES_AGGRESSIVE;
				CLANG_WARN_UNREACHABLE_CODE = YES;
				CLANG_WARN__DUPLICATE_METHOD_MATCH = YES;
				CODE_SIGN_IDENTITY = "iPhone Developer";
				COPY_PHASE_STRIP = NO;
				DEBUG_INFORMATION_FORMAT = dwarf;
				ENABLE_STRICT_OBJC_MSGSEND = YES;
				ENABLE_TESTABILITY = YES;
				GCC_C_LANGUAGE_STANDARD = gnu11;
				GCC_DYNAMIC_NO_PIC = NO;
				GCC_NO_COMMON_BLOCKS = YES;
				GCC_OPTIMIZATION_LEVEL = 0;
				GCC_PREPROCESSOR_DEFINITIONS = (
					"DEBUG=1",
					"$(inherited)",
				);
				GCC_WARN_64_TO_32_BIT_CONVERSION = YES;
				GCC_WARN_ABOUT_RETURN_TYPE = YES_ERROR;
				GCC_WARN_UNDECLARED_SELECTOR = YES;
				GCC_WARN_UNINITIALIZED_AUTOS = YES_AGGRESSIVE;
				GCC_WARN_UNUSED_FUNCTION = YES;
				GCC_WARN_UNUSED_VARIABLE = YES;
				IPHONEOS_DEPLOYMENT_TARGET = 12.1;
				MTL_ENABLE_DEBUG_INFO = INCLUDE_SOURCE;
				MTL_FAST_MATH = YES;
				ONLY_ACTIVE_ARCH = YES;
				SDKROOT = iphoneos;
			};
			name = Debug;
		};
		39ACF17722CB437000E4DAE6 /* Release */ = {
			isa = XCBuildConfiguration;
			buildSettings = {
				ALWAYS_SEARCH_USER_PATHS = NO;
				CLANG_ANALYZER_NONNULL = YES;
				CLANG_ANALYZER_NUMBER_OBJECT_CONVERSION = YES_AGGRESSIVE;
				CLANG_CXX_LANGUAGE_STANDARD = "gnu++14";
				CLANG_CXX_LIBRARY = "libc++";
				CLANG_ENABLE_MODULES = YES;
				CLANG_ENABLE_OBJC_ARC = YES;
				CLANG_ENABLE_OBJC_WEAK = YES;
				CLANG_WARN_BLOCK_CAPTURE_AUTORELEASING = YES;
				CLANG_WARN_BOOL_CONVERSION = YES;
				CLANG_WARN_COMMA = YES;
				CLANG_WARN_CONSTANT_CONVERSION = YES;
				CLANG_WARN_DEPRECATED_OBJC_IMPLEMENTATIONS = YES;
				CLANG_WARN_DIRECT_OBJC_ISA_USAGE = YES_ERROR;
				CLANG_WARN_DOCUMENTATION_COMMENTS = YES;
				CLANG_WARN_EMPTY_BODY = YES;
				CLANG_WARN_ENUM_CONVERSION = YES;
				CLANG_WARN_INFINITE_RECURSION = YES;
				CLANG_WARN_INT_CONVERSION = YES;
				CLANG_WARN_NON_LITERAL_NULL_CONVERSION = YES;
				CLANG_WARN_OBJC_IMPLICIT_RETAIN_SELF = YES;
				CLANG_WARN_OBJC_LITERAL_CONVERSION = YES;
				CLANG_WARN_OBJC_ROOT_CLASS = YES_ERROR;
				CLANG_WARN_RANGE_LOOP_ANALYSIS = YES;
				CLANG_WARN_STRICT_PROTOTYPES = YES;
				CLANG_WARN_SUSPICIOUS_MOVE = YES;
				CLANG_WARN_UNGUARDED_AVAILABILITY = YES_AGGRESSIVE;
				CLANG_WARN_UNREACHABLE_CODE = YES;
				CLANG_WARN__DUPLICATE_METHOD_MATCH = YES;
				CODE_SIGN_IDENTITY = "iPhone Developer";
				COPY_PHASE_STRIP = NO;
				DEBUG_INFORMATION_FORMAT = "dwarf-with-dsym";
				ENABLE_NS_ASSERTIONS = NO;
				ENABLE_STRICT_OBJC_MSGSEND = YES;
				GCC_C_LANGUAGE_STANDARD = gnu11;
				GCC_NO_COMMON_BLOCKS = YES;
				GCC_WARN_64_TO_32_BIT_CONVERSION = YES;
				GCC_WARN_ABOUT_RETURN_TYPE = YES_ERROR;
				GCC_WARN_UNDECLARED_SELECTOR = YES;
				GCC_WARN_UNINITIALIZED_AUTOS = YES_AGGRESSIVE;
				GCC_WARN_UNUSED_FUNCTION = YES;
				GCC_WARN_UNUSED_VARIABLE = YES;
				IPHONEOS_DEPLOYMENT_TARGET = 12.1;
				MTL_ENABLE_DEBUG_INFO = NO;
				MTL_FAST_MATH = YES;
				SDKROOT = iphoneos;
				VALIDATE_PRODUCT = YES;
			};
			name = Release;
		};
		39ACF17922CB437000E4DAE6 /* Debug */ = {
			isa = XCBuildConfiguration;
			buildSettings = {
				ASSETCATALOG_COMPILER_APPICON_NAME = AppIcon;
				CODE_SIGN_STYLE = Automatic;
				INFOPLIST_FILE = PreciousMetalSalesSystem/Info.plist;
				LD_RUNPATH_SEARCH_PATHS = (
					"$(inherited)",
					"@executable_path/Frameworks",
				);
				PRODUCT_BUNDLE_IDENTIFIER = zybank.PreciousMetalSalesSystem;
				PRODUCT_NAME = "$(TARGET_NAME)";
				TARGETED_DEVICE_FAMILY = "1,2";
			};
			name = Debug;
		};
		39ACF17A22CB437000E4DAE6 /* Release */ = {
			isa = XCBuildConfiguration;
			buildSettings = {
				ASSETCATALOG_COMPILER_APPICON_NAME = AppIcon;
				CODE_SIGN_STYLE = Automatic;
				INFOPLIST_FILE = PreciousMetalSalesSystem/Info.plist;
				LD_RUNPATH_SEARCH_PATHS = (
					"$(inherited)",
					"@executable_path/Frameworks",
				);
				PRODUCT_BUNDLE_IDENTIFIER = zybank.PreciousMetalSalesSystem;
				PRODUCT_NAME = "$(TARGET_NAME)";
				TARGETED_DEVICE_FAMILY = "1,2";
			};
			name = Release;
		};
		724ABA8822CB5D2000E10D3D /* Debug */ = {
			isa = XCBuildConfiguration;
			buildSettings = {
				BUNDLE_LOADER = "$(TEST_HOST)";
				CODE_SIGN_STYLE = Automatic;
				INFOPLIST_FILE = PreciousMetalSalesSystemTests/Info.plist;
				LD_RUNPATH_SEARCH_PATHS = (
					"$(inherited)",
					"@executable_path/Frameworks",
					"@loader_path/Frameworks",
				);
				PRODUCT_BUNDLE_IDENTIFIER = "---.PreciousMetalSalesSystemTests";
				PRODUCT_NAME = "$(TARGET_NAME)";
				TARGETED_DEVICE_FAMILY = "1,2";
				TEST_HOST = "$(BUILT_PRODUCTS_DIR)/PreciousMetalSalesSystem.app/PreciousMetalSalesSystem";
			};
			name = Debug;
		};
		724ABA8922CB5D2000E10D3D /* Release */ = {
			isa = XCBuildConfiguration;
			buildSettings = {
				BUNDLE_LOADER = "$(TEST_HOST)";
				CODE_SIGN_STYLE = Automatic;
				INFOPLIST_FILE = PreciousMetalSalesSystemTests/Info.plist;
				LD_RUNPATH_SEARCH_PATHS = (
					"$(inherited)",
					"@executable_path/Frameworks",
					"@loader_path/Frameworks",
				);
				PRODUCT_BUNDLE_IDENTIFIER = "---.PreciousMetalSalesSystemTests";
				PRODUCT_NAME = "$(TARGET_NAME)";
				TARGETED_DEVICE_FAMILY = "1,2";
				TEST_HOST = "$(BUILT_PRODUCTS_DIR)/PreciousMetalSalesSystem.app/PreciousMetalSalesSystem";
			};
			name = Release;
		};
/* End XCBuildConfiguration section */

/* Begin XCConfigurationList section */
		39ACF15D22CB436D00E4DAE6 /* Build configuration list for PBXProject "PreciousMetalSalesSystem" */ = {
			isa = XCConfigurationList;
			buildConfigurations = (
				39ACF17622CB437000E4DAE6 /* Debug */,
				39ACF17722CB437000E4DAE6 /* Release */,
			);
			defaultConfigurationIsVisible = 0;
			defaultConfigurationName = Release;
		};
		39ACF17822CB437000E4DAE6 /* Build configuration list for PBXNativeTarget "PreciousMetalSalesSystem" */ = {
			isa = XCConfigurationList;
			buildConfigurations = (
				39ACF17922CB437000E4DAE6 /* Debug */,
				39ACF17A22CB437000E4DAE6 /* Release */,
			);
			defaultConfigurationIsVisible = 0;
			defaultConfigurationName = Release;
		};
		724ABA8A22CB5D2000E10D3D /* Build configuration list for PBXNativeTarget "PreciousMetalSalesSystemTests" */ = {
			isa = XCConfigurationList;
			buildConfigurations = (
				724ABA8822CB5D2000E10D3D /* Debug */,
				724ABA8922CB5D2000E10D3D /* Release */,
			);
			defaultConfigurationIsVisible = 0;
			defaultConfigurationName = Release;
		};
/* End XCConfigurationList section */
	};
	rootObject = 39ACF15A22CB436D00E4DAE6 /* Project object */;
}
